
Microsoft Visual Studio Solution File, Format Version 12.00
# Visual Studio Version 17
VisualStudioVersion = 17.13.35818.85 d17.13
MinimumVisualStudioVersion = 10.0.40219.1
Project("{FAE04EC0-301F-11D3-BF4B-00C04F79EFBC}") = "bucamStart5", "bucamStart5.csproj", "{38B7F127-23C0-48B6-8835-A9CD14806014}"
EndProject
Global
	GlobalSection(SolutionConfigurationPlatforms) = preSolution
		Debug|Any CPU = Debug|Any CPU
		Release|Any CPU = Release|Any CPU
	EndGlobalSection
	GlobalSection(ProjectConfigurationPlatforms) = postSolution
		{38B7F127-23C0-48B6-8835-A9CD14806014}.Debug|Any CPU.ActiveCfg = Debug|Any CPU
		{38B7F127-23C0-48B6-8835-A9CD14806014}.Debug|Any CPU.Build.0 = Debug|Any CPU
		{38B7F127-23C0-48B6-8835-A9CD14806014}.Release|Any CPU.ActiveCfg = Release|Any CPU
		{38B7F127-23C0-48B6-8835-A9CD14806014}.Release|Any CPU.Build.0 = Release|Any CPU
	EndGlobalSection
	GlobalSection(SolutionProperties) = preSolution
		HideSolutionNode = FALSE
	EndGlobalSection
	GlobalSection(ExtensibilityGlobals) = postSolution
		SolutionGuid = {38DACF90-3DBB-427D-BD3E-4B6399420EEF}
	EndGlobalSection
EndGlobal
