
Microsoft Visual Studio Solution File, Format Version 12.00
# Visual Studio Version 17
VisualStudioVersion = 17.13.35818.85 d17.13
MinimumVisualStudioVersion = 10.0.40219.1
Project("{FAE04EC0-301F-11D3-BF4B-00C04F79EFBC}") = "bucamStart9", "bucamStart9.csproj", "{6DA2699A-C689-41EE-AABF-ACCC8129DFE9}"
EndProject
Global
	GlobalSection(SolutionConfigurationPlatforms) = preSolution
		Debug|Any CPU = Debug|Any CPU
		Release|Any CPU = Release|Any CPU
	EndGlobalSection
	GlobalSection(ProjectConfigurationPlatforms) = postSolution
		{6DA2699A-C689-41EE-AABF-ACCC8129DFE9}.Debug|Any CPU.ActiveCfg = Debug|Any CPU
		{6DA2699A-C689-41EE-AABF-ACCC8129DFE9}.Debug|Any CPU.Build.0 = Debug|Any CPU
		{6DA2699A-C689-41EE-AABF-ACCC8129DFE9}.Release|Any CPU.ActiveCfg = Release|Any CPU
		{6DA2699A-C689-41EE-AABF-ACCC8129DFE9}.Release|Any CPU.Build.0 = Release|Any CPU
	EndGlobalSection
	GlobalSection(SolutionProperties) = preSolution
		HideSolutionNode = FALSE
	EndGlobalSection
	GlobalSection(ExtensibilityGlobals) = postSolution
		SolutionGuid = {54555AAF-1249-488B-AEC6-61731436BA6F}
	EndGlobalSection
EndGlobal
