
Microsoft Visual Studio Solution File, Format Version 12.00
# Visual Studio Version 17
VisualStudioVersion = 17.13.35818.85 d17.13
MinimumVisualStudioVersion = 10.0.40219.1
Project("{FAE04EC0-301F-11D3-BF4B-00C04F79EFBC}") = "bucamStart6", "bucamStart6.csproj", "{1D3E8E1D-B61E-4190-97A7-F0A4D85CECBD}"
EndProject
Global
	GlobalSection(SolutionConfigurationPlatforms) = preSolution
		Debug|Any CPU = Debug|Any CPU
		Release|Any CPU = Release|Any CPU
	EndGlobalSection
	GlobalSection(ProjectConfigurationPlatforms) = postSolution
		{1D3E8E1D-B61E-4190-97A7-F0A4D85CECBD}.Debug|Any CPU.ActiveCfg = Debug|Any CPU
		{1D3E8E1D-B61E-4190-97A7-F0A4D85CECBD}.Debug|Any CPU.Build.0 = Debug|Any CPU
		{1D3E8E1D-B61E-4190-97A7-F0A4D85CECBD}.Release|Any CPU.ActiveCfg = Release|Any CPU
		{1D3E8E1D-B61E-4190-97A7-F0A4D85CECBD}.Release|Any CPU.Build.0 = Release|Any CPU
	EndGlobalSection
	GlobalSection(SolutionProperties) = preSolution
		HideSolutionNode = FALSE
	EndGlobalSection
	GlobalSection(ExtensibilityGlobals) = postSolution
		SolutionGuid = {4DA19AA2-1285-49A4-8817-9087AB0B989C}
	EndGlobalSection
EndGlobal
